
Microsoft Visual Studio Solution File, Format Version 12.00
# Visual Studio Version 17
VisualStudioVersion = 17.7.34024.191
MinimumVisualStudioVersion = 10.0.40219.1
Project("{FAE04EC0-301F-11D3-BF4B-00C04F79EFBC}") = "WebApp", "WebApp\WebApp.csproj", "{39E622A6-F2A5-4928-844E-B3A96BCF97C5}"
EndProject
Global
	GlobalSection(SolutionConfigurationPlatforms) = preSolution
		Debug|Any CPU = Debug|Any CPU
		Release|Any CPU = Release|Any CPU
	EndGlobalSection
	GlobalSection(ProjectConfigurationPlatforms) = postSolution
		{39E622A6-F2A5-4928-844E-B3A96BCF97C5}.Debug|Any CPU.ActiveCfg = Debug|Any CPU
		{39E622A6-F2A5-4928-844E-B3A96BCF97C5}.Debug|Any CPU.Build.0 = Debug|Any CPU
		{39E622A6-F2A5-4928-844E-B3A96BCF97C5}.Release|Any CPU.ActiveCfg = Release|Any CPU
		{39E622A6-F2A5-4928-844E-B3A96BCF97C5}.Release|Any CPU.Build.0 = Release|Any CPU
	EndGlobalSection
	GlobalSection(SolutionProperties) = preSolution
		HideSolutionNode = FALSE
	EndGlobalSection
	GlobalSection(ExtensibilityGlobals) = postSolution
		SolutionGuid = {7C0F249C-243F-428D-B7BA-F9EB316424C1}
	EndGlobalSection
EndGlobal
